
Microsoft Visual Studio Solution File, Format Version 12.00
# Visual Studio Version 17
VisualStudioVersion = 17.5.002.0
MinimumVisualStudioVersion = 10.0.40219.1
Project("{9A19103F-16F7-4668-BE54-9A1E7A4F7556}") = "mslearn-dotnet-files", "mslearn-dotnet-files.csproj", "{082AEAC5-D239-4110-80A4-215BC3FD225A}"
EndProject
Global
	GlobalSection(SolutionConfigurationPlatforms) = preSolution
		Debug|Any CPU = Debug|Any CPU
		Release|Any CPU = Release|Any CPU
	EndGlobalSection
	GlobalSection(ProjectConfigurationPlatforms) = postSolution
		{082AEAC5-D239-4110-80A4-215BC3FD225A}.Debug|Any CPU.ActiveCfg = Debug|Any CPU
		{082AEAC5-D239-4110-80A4-215BC3FD225A}.Debug|Any CPU.Build.0 = Debug|Any CPU
		{082AEAC5-D239-4110-80A4-215BC3FD225A}.Release|Any CPU.ActiveCfg = Release|Any CPU
		{082AEAC5-D239-4110-80A4-215BC3FD225A}.Release|Any CPU.Build.0 = Release|Any CPU
	EndGlobalSection
	GlobalSection(SolutionProperties) = preSolution
		HideSolutionNode = FALSE
	EndGlobalSection
	GlobalSection(ExtensibilityGlobals) = postSolution
		SolutionGuid = {30813291-16C8-4FAB-88D0-7E480AEC1519}
	EndGlobalSection
EndGlobal
